
Microsoft Visual Studio Solution File, Format Version 12.00
# Visual Studio Version 17
VisualStudioVersion = 17.1.32421.90
MinimumVisualStudioVersion = 10.0.40219.1
Project("{FAE04EC0-301F-11D3-BF4B-00C04F79EFBC}") = "ThemeTest", "ThemeTest\ThemeTest.csproj", "{2EE08799-BD20-4221-8842-1FEB0DC2F82C}"
EndProject
Global
	GlobalSection(SolutionConfigurationPlatforms) = preSolution
		Debug|Any CPU = Debug|Any CPU
		Release|Any CPU = Release|Any CPU
	EndGlobalSection
	GlobalSection(ProjectConfigurationPlatforms) = postSolution
		{2EE08799-BD20-4221-8842-1FEB0DC2F82C}.Debug|Any CPU.ActiveCfg = Debug|Any CPU
		{2EE08799-BD20-4221-8842-1FEB0DC2F82C}.Debug|Any CPU.Build.0 = Debug|Any CPU
		{2EE08799-BD20-4221-8842-1FEB0DC2F82C}.Release|Any CPU.ActiveCfg = Release|Any CPU
		{2EE08799-BD20-4221-8842-1FEB0DC2F82C}.Release|Any CPU.Build.0 = Release|Any CPU
	EndGlobalSection
	GlobalSection(SolutionProperties) = preSolution
		HideSolutionNode = FALSE
	EndGlobalSection
	GlobalSection(ExtensibilityGlobals) = postSolution
		SolutionGuid = {09E5684C-0961-4671-938D-45E552A21E83}
	EndGlobalSection
EndGlobal
